
Microsoft Visual Studio Solution File, Format Version 12.00
# Visual Studio 15
VisualStudioVersion = 15.0.27703.2035
MinimumVisualStudioVersion = 10.0.40219.1
Project("{FAE04EC0-301F-11D3-BF4B-00C04F79EFBC}") = "BrandKeywordsCheck", "BandKeywordsCheck\BrandKeywordsCheck.csproj", "{AAC746C0-44DF-4783-8C72-F34504886E53}"
EndProject
Project("{FAE04EC0-301F-11D3-BF4B-00C04F79EFBC}") = "spider_demo", "spider_demo\spider_demo.csproj", "{F089F7BD-2C45-46F0-A162-1AFBD5E5ED7A}"
EndProject
Global
	GlobalSection(SolutionConfigurationPlatforms) = preSolution
		Debug|Any CPU = Debug|Any CPU
		Release|Any CPU = Release|Any CPU
	EndGlobalSection
	GlobalSection(ProjectConfigurationPlatforms) = postSolution
		{AAC746C0-44DF-4783-8C72-F34504886E53}.Debug|Any CPU.ActiveCfg = Debug|Any CPU
		{AAC746C0-44DF-4783-8C72-F34504886E53}.Debug|Any CPU.Build.0 = Debug|Any CPU
		{AAC746C0-44DF-4783-8C72-F34504886E53}.Release|Any CPU.ActiveCfg = Release|Any CPU
		{AAC746C0-44DF-4783-8C72-F34504886E53}.Release|Any CPU.Build.0 = Release|Any CPU
		{F089F7BD-2C45-46F0-A162-1AFBD5E5ED7A}.Debug|Any CPU.ActiveCfg = Debug|Any CPU
		{F089F7BD-2C45-46F0-A162-1AFBD5E5ED7A}.Debug|Any CPU.Build.0 = Debug|Any CPU
		{F089F7BD-2C45-46F0-A162-1AFBD5E5ED7A}.Release|Any CPU.ActiveCfg = Release|Any CPU
		{F089F7BD-2C45-46F0-A162-1AFBD5E5ED7A}.Release|Any CPU.Build.0 = Release|Any CPU
	EndGlobalSection
	GlobalSection(SolutionProperties) = preSolution
		HideSolutionNode = FALSE
	EndGlobalSection
	GlobalSection(ExtensibilityGlobals) = postSolution
		SolutionGuid = {15859B56-C541-4DB3-9984-9525F282C979}
	EndGlobalSection
EndGlobal
